
Microsoft Visual Studio Solution File, Format Version 12.00
# Visual Studio Version 16
VisualStudioVersion = 16.0.30320.27
MinimumVisualStudioVersion = 10.0.40219.1
Project("{FAE04EC0-301F-11D3-BF4B-00C04F79EFBC}") = "gluky.webapi", "gluky.webapi\gluky.webapi.csproj", "{B920771B-ED35-4884-A516-42E6E2CD0CCF}"
EndProject
Global
	GlobalSection(SolutionConfigurationPlatforms) = preSolution
		Debug|Any CPU = Debug|Any CPU
		Release|Any CPU = Release|Any CPU
	EndGlobalSection
	GlobalSection(ProjectConfigurationPlatforms) = postSolution
		{B920771B-ED35-4884-A516-42E6E2CD0CCF}.Debug|Any CPU.ActiveCfg = Debug|Any CPU
		{B920771B-ED35-4884-A516-42E6E2CD0CCF}.Debug|Any CPU.Build.0 = Debug|Any CPU
		{B920771B-ED35-4884-A516-42E6E2CD0CCF}.Release|Any CPU.ActiveCfg = Release|Any CPU
		{B920771B-ED35-4884-A516-42E6E2CD0CCF}.Release|Any CPU.Build.0 = Release|Any CPU
	EndGlobalSection
	GlobalSection(SolutionProperties) = preSolution
		HideSolutionNode = FALSE
	EndGlobalSection
	GlobalSection(ExtensibilityGlobals) = postSolution
		SolutionGuid = {038FBDDC-E0BE-4A54-AB2B-3D7EB8F9D0B2}
	EndGlobalSection
EndGlobal
